
Microsoft Visual Studio Solution File, Format Version 12.00
# Visual Studio 15
VisualStudioVersion = 15.0.26228.4
MinimumVisualStudioVersion = 10.0.40219.1
Project("{2150E333-8FDC-42A3-9474-1A3956D46DE8}") = "Samples", "Samples", "{0B72C074-8E0A-4E3D-9732-A4C873194F66}"
EndProject
Project("{2150E333-8FDC-42A3-9474-1A3956D46DE8}") = "HelloWorld", "HelloWorld", "{A33788EC-BDDB-4AD8-B590-52B3F73AC66D}"
EndProject
Project("{2150E333-8FDC-42A3-9474-1A3956D46DE8}") = "Events", "Events", "{2F45ECFA-73D7-4F39-9262-D410E3CEC5AF}"
EndProject
Project("{2150E333-8FDC-42A3-9474-1A3956D46DE8}") = "Solution Items", "Solution Items", "{404AA05A-35FE-4419-83D2-5FE68AA5B435}"
	ProjectSection(SolutionItems) = preProject
		build.cmd = build.cmd
		build.proj = build.proj
		LICENSE = LICENSE
		README.md = README.md
	EndProjectSection
EndProject
Project("{2150E333-8FDC-42A3-9474-1A3956D46DE8}") = "TrafficLights", "TrafficLights", "{5C87348D-2684-4C0D-8F30-809459EF31A5}"
EndProject
Project("{2150E333-8FDC-42A3-9474-1A3956D46DE8}") = "ShroedingersCat", "ShroedingersCat", "{5AEA40EC-9264-485E-ADE1-F7F8EF20AE18}"
EndProject
Project("{2150E333-8FDC-42A3-9474-1A3956D46DE8}") = "Contacts", "Contacts", "{91F9E0C0-0F62-4D53-A7D9-63144C1D8627}"
EndProject
Project("{2150E333-8FDC-42A3-9474-1A3956D46DE8}") = "CSharpConfig", "CSharpConfig", "{C7C11931-2AC2-45EB-8BE4-E5062DD34986}"
EndProject
Project("{FAE04EC0-301F-11D3-BF4B-00C04F79EFBC}") = "DevTeam.IoC", "DevTeam.IoC\DevTeam.IoC.csproj", "{7C83C5C6-83CF-4348-9269-E2351E00B5A9}"
EndProject
Project("{FAE04EC0-301F-11D3-BF4B-00C04F79EFBC}") = "DevTeam.IoC.Contracts", "DevTeam.IoC.Contracts\DevTeam.IoC.Contracts.csproj", "{6492C3B0-FB09-4C85-AFF8-98CBDE7C518E}"
EndProject
Project("{FAE04EC0-301F-11D3-BF4B-00C04F79EFBC}") = "DevTeam.IoC.Tests", "DevTeam.IoC.Tests\DevTeam.IoC.Tests.csproj", "{0F6A7CD1-1025-4939-A494-4E5852BF9746}"
EndProject
Project("{FAE04EC0-301F-11D3-BF4B-00C04F79EFBC}") = "DevTeam.IoC.Configurations.Json", "DevTeam.IoC.Configurations.Json\DevTeam.IoC.Configurations.Json.csproj", "{1BB91071-24D9-4AC0-8066-44D56CD01BBC}"
EndProject
Project("{FAE04EC0-301F-11D3-BF4B-00C04F79EFBC}") = "DevTeam.IoC.Tests.Models", "DevTeam.IoC.Tests.Models\DevTeam.IoC.Tests.Models.csproj", "{8254B780-A9E0-4424-95F5-5DFC0405ADEB}"
EndProject
Project("{9A19103F-16F7-4668-BE54-9A1E7A4F7556}") = "ConsoleApp", "Samples\HelloWorld\ConsoleApp\ConsoleApp.csproj", "{7E26E5D1-A287-44BC-BC0D-64B7C35A7CBE}"
EndProject
Project("{9A19103F-16F7-4668-BE54-9A1E7A4F7556}") = "ClassLibrary", "Samples\HelloWorld\ClassLibrary\ClassLibrary.csproj", "{3C2C3B73-23BB-4700-B86D-05EBF8B739D4}"
EndProject
Project("{FAE04EC0-301F-11D3-BF4B-00C04F79EFBC}") = "ConsoleApp", "Samples\Events\ConsoleApp\ConsoleApp.csproj", "{73A26F05-92F9-475E-A8BE-5FB3543EC7C4}"
EndProject
Project("{FAE04EC0-301F-11D3-BF4B-00C04F79EFBC}") = "Contracts", "Samples\Events\Contracts\Contracts.csproj", "{02D9EBB8-3922-41D7-89D8-ED520C6C35BF}"
EndProject
Project("{FAE04EC0-301F-11D3-BF4B-00C04F79EFBC}") = "ClassLibrary", "Samples\Events\ClassLibrary\ClassLibrary.csproj", "{4D61A4E2-3356-4538-88B0-4BC539973160}"
EndProject
Project("{FAE04EC0-301F-11D3-BF4B-00C04F79EFBC}") = "ConsoleApp", "Samples\ShroedingersCat\ConsoleApp\ConsoleApp.csproj", "{A4D7CC21-F9A7-472B-9EC0-3FC15DBD959B}"
EndProject
Project("{9A19103F-16F7-4668-BE54-9A1E7A4F7556}") = "ConsoleApp", "Samples\Contacts\ConsoleApp\ConsoleApp.csproj", "{8BB7556E-E0C3-430E-BE8D-ECD5342C255E}"
EndProject
Project("{9A19103F-16F7-4668-BE54-9A1E7A4F7556}") = "ConsoleApp", "Samples\TrafficLights\ConsoleApp\ConsoleApp.csproj", "{16F5973E-CC38-447B-B822-8CBC278A44B6}"
EndProject
Project("{9A19103F-16F7-4668-BE54-9A1E7A4F7556}") = "ConsoleApp", "Samples\CSharpConfig\ConsoleApp\ConsoleApp.csproj", "{697E8A22-0027-4267-9006-5F7499A6B4DC}"
EndProject
Project("{FAE04EC0-301F-11D3-BF4B-00C04F79EFBC}") = "DevTeam.IoC.Configurations.CSharp", "DevTeam.IoC.Configurations.CSharp\DevTeam.IoC.Configurations.CSharp.csproj", "{851D6AE6-3663-4017-9990-6F883512D479}"
EndProject
Project("{9A19103F-16F7-4668-BE54-9A1E7A4F7556}") = "ClassLibrary", "Samples\CSharpConfig\ClassLibrary\ClassLibrary.csproj", "{2AFD2943-EEBA-409D-B470-E0DF7D219D4A}"
EndProject
Global
	GlobalSection(SolutionConfigurationPlatforms) = preSolution
		Debug|Any CPU = Debug|Any CPU
		Release|Any CPU = Release|Any CPU
	EndGlobalSection
	GlobalSection(ProjectConfigurationPlatforms) = postSolution
		{7C83C5C6-83CF-4348-9269-E2351E00B5A9}.Debug|Any CPU.ActiveCfg = Debug|Any CPU
		{7C83C5C6-83CF-4348-9269-E2351E00B5A9}.Debug|Any CPU.Build.0 = Debug|Any CPU
		{7C83C5C6-83CF-4348-9269-E2351E00B5A9}.Release|Any CPU.ActiveCfg = Release|Any CPU
		{7C83C5C6-83CF-4348-9269-E2351E00B5A9}.Release|Any CPU.Build.0 = Release|Any CPU
		{6492C3B0-FB09-4C85-AFF8-98CBDE7C518E}.Debug|Any CPU.ActiveCfg = Debug|Any CPU
		{6492C3B0-FB09-4C85-AFF8-98CBDE7C518E}.Debug|Any CPU.Build.0 = Debug|Any CPU
		{6492C3B0-FB09-4C85-AFF8-98CBDE7C518E}.Release|Any CPU.ActiveCfg = Release|Any CPU
		{6492C3B0-FB09-4C85-AFF8-98CBDE7C518E}.Release|Any CPU.Build.0 = Release|Any CPU
		{0F6A7CD1-1025-4939-A494-4E5852BF9746}.Debug|Any CPU.ActiveCfg = Debug|Any CPU
		{0F6A7CD1-1025-4939-A494-4E5852BF9746}.Debug|Any CPU.Build.0 = Debug|Any CPU
		{0F6A7CD1-1025-4939-A494-4E5852BF9746}.Release|Any CPU.ActiveCfg = Release|Any CPU
		{0F6A7CD1-1025-4939-A494-4E5852BF9746}.Release|Any CPU.Build.0 = Release|Any CPU
		{1BB91071-24D9-4AC0-8066-44D56CD01BBC}.Debug|Any CPU.ActiveCfg = Debug|Any CPU
		{1BB91071-24D9-4AC0-8066-44D56CD01BBC}.Debug|Any CPU.Build.0 = Debug|Any CPU
		{1BB91071-24D9-4AC0-8066-44D56CD01BBC}.Release|Any CPU.ActiveCfg = Release|Any CPU
		{1BB91071-24D9-4AC0-8066-44D56CD01BBC}.Release|Any CPU.Build.0 = Release|Any CPU
		{8254B780-A9E0-4424-95F5-5DFC0405ADEB}.Debug|Any CPU.ActiveCfg = Debug|Any CPU
		{8254B780-A9E0-4424-95F5-5DFC0405ADEB}.Debug|Any CPU.Build.0 = Debug|Any CPU
		{8254B780-A9E0-4424-95F5-5DFC0405ADEB}.Release|Any CPU.ActiveCfg = Release|Any CPU
		{8254B780-A9E0-4424-95F5-5DFC0405ADEB}.Release|Any CPU.Build.0 = Release|Any CPU
		{7E26E5D1-A287-44BC-BC0D-64B7C35A7CBE}.Debug|Any CPU.ActiveCfg = Debug|Any CPU
		{7E26E5D1-A287-44BC-BC0D-64B7C35A7CBE}.Debug|Any CPU.Build.0 = Debug|Any CPU
		{7E26E5D1-A287-44BC-BC0D-64B7C35A7CBE}.Release|Any CPU.ActiveCfg = Release|Any CPU
		{7E26E5D1-A287-44BC-BC0D-64B7C35A7CBE}.Release|Any CPU.Build.0 = Release|Any CPU
		{3C2C3B73-23BB-4700-B86D-05EBF8B739D4}.Debug|Any CPU.ActiveCfg = Debug|Any CPU
		{3C2C3B73-23BB-4700-B86D-05EBF8B739D4}.Debug|Any CPU.Build.0 = Debug|Any CPU
		{3C2C3B73-23BB-4700-B86D-05EBF8B739D4}.Release|Any CPU.ActiveCfg = Release|Any CPU
		{3C2C3B73-23BB-4700-B86D-05EBF8B739D4}.Release|Any CPU.Build.0 = Release|Any CPU
		{73A26F05-92F9-475E-A8BE-5FB3543EC7C4}.Debug|Any CPU.ActiveCfg = Debug|Any CPU
		{73A26F05-92F9-475E-A8BE-5FB3543EC7C4}.Debug|Any CPU.Build.0 = Debug|Any CPU
		{73A26F05-92F9-475E-A8BE-5FB3543EC7C4}.Release|Any CPU.ActiveCfg = Release|Any CPU
		{73A26F05-92F9-475E-A8BE-5FB3543EC7C4}.Release|Any CPU.Build.0 = Release|Any CPU
		{02D9EBB8-3922-41D7-89D8-ED520C6C35BF}.Debug|Any CPU.ActiveCfg = Debug|Any CPU
		{02D9EBB8-3922-41D7-89D8-ED520C6C35BF}.Debug|Any CPU.Build.0 = Debug|Any CPU
		{02D9EBB8-3922-41D7-89D8-ED520C6C35BF}.Release|Any CPU.ActiveCfg = Release|Any CPU
		{02D9EBB8-3922-41D7-89D8-ED520C6C35BF}.Release|Any CPU.Build.0 = Release|Any CPU
		{4D61A4E2-3356-4538-88B0-4BC539973160}.Debug|Any CPU.ActiveCfg = Debug|Any CPU
		{4D61A4E2-3356-4538-88B0-4BC539973160}.Debug|Any CPU.Build.0 = Debug|Any CPU
		{4D61A4E2-3356-4538-88B0-4BC539973160}.Release|Any CPU.ActiveCfg = Release|Any CPU
		{4D61A4E2-3356-4538-88B0-4BC539973160}.Release|Any CPU.Build.0 = Release|Any CPU
		{A4D7CC21-F9A7-472B-9EC0-3FC15DBD959B}.Debug|Any CPU.ActiveCfg = Debug|Any CPU
		{A4D7CC21-F9A7-472B-9EC0-3FC15DBD959B}.Debug|Any CPU.Build.0 = Debug|Any CPU
		{A4D7CC21-F9A7-472B-9EC0-3FC15DBD959B}.Release|Any CPU.ActiveCfg = Release|Any CPU
		{A4D7CC21-F9A7-472B-9EC0-3FC15DBD959B}.Release|Any CPU.Build.0 = Release|Any CPU
		{8BB7556E-E0C3-430E-BE8D-ECD5342C255E}.Debug|Any CPU.ActiveCfg = Debug|Any CPU
		{8BB7556E-E0C3-430E-BE8D-ECD5342C255E}.Debug|Any CPU.Build.0 = Debug|Any CPU
		{8BB7556E-E0C3-430E-BE8D-ECD5342C255E}.Release|Any CPU.ActiveCfg = Release|Any CPU
		{8BB7556E-E0C3-430E-BE8D-ECD5342C255E}.Release|Any CPU.Build.0 = Release|Any CPU
		{16F5973E-CC38-447B-B822-8CBC278A44B6}.Debug|Any CPU.ActiveCfg = Debug|Any CPU
		{16F5973E-CC38-447B-B822-8CBC278A44B6}.Debug|Any CPU.Build.0 = Debug|Any CPU
		{16F5973E-CC38-447B-B822-8CBC278A44B6}.Release|Any CPU.ActiveCfg = Release|Any CPU
		{16F5973E-CC38-447B-B822-8CBC278A44B6}.Release|Any CPU.Build.0 = Release|Any CPU
		{697E8A22-0027-4267-9006-5F7499A6B4DC}.Debug|Any CPU.ActiveCfg = Debug|Any CPU
		{697E8A22-0027-4267-9006-5F7499A6B4DC}.Debug|Any CPU.Build.0 = Debug|Any CPU
		{697E8A22-0027-4267-9006-5F7499A6B4DC}.Release|Any CPU.ActiveCfg = Release|Any CPU
		{697E8A22-0027-4267-9006-5F7499A6B4DC}.Release|Any CPU.Build.0 = Release|Any CPU
		{851D6AE6-3663-4017-9990-6F883512D479}.Debug|Any CPU.ActiveCfg = Debug|Any CPU
		{851D6AE6-3663-4017-9990-6F883512D479}.Debug|Any CPU.Build.0 = Debug|Any CPU
		{851D6AE6-3663-4017-9990-6F883512D479}.Release|Any CPU.ActiveCfg = Release|Any CPU
		{851D6AE6-3663-4017-9990-6F883512D479}.Release|Any CPU.Build.0 = Release|Any CPU
		{2AFD2943-EEBA-409D-B470-E0DF7D219D4A}.Debug|Any CPU.ActiveCfg = Debug|Any CPU
		{2AFD2943-EEBA-409D-B470-E0DF7D219D4A}.Debug|Any CPU.Build.0 = Debug|Any CPU
		{2AFD2943-EEBA-409D-B470-E0DF7D219D4A}.Release|Any CPU.ActiveCfg = Release|Any CPU
		{2AFD2943-EEBA-409D-B470-E0DF7D219D4A}.Release|Any CPU.Build.0 = Release|Any CPU
	EndGlobalSection
	GlobalSection(SolutionProperties) = preSolution
		HideSolutionNode = FALSE
	EndGlobalSection
	GlobalSection(NestedProjects) = preSolution
		{A33788EC-BDDB-4AD8-B590-52B3F73AC66D} = {0B72C074-8E0A-4E3D-9732-A4C873194F66}
		{2F45ECFA-73D7-4F39-9262-D410E3CEC5AF} = {0B72C074-8E0A-4E3D-9732-A4C873194F66}
		{5C87348D-2684-4C0D-8F30-809459EF31A5} = {0B72C074-8E0A-4E3D-9732-A4C873194F66}
		{5AEA40EC-9264-485E-ADE1-F7F8EF20AE18} = {0B72C074-8E0A-4E3D-9732-A4C873194F66}
		{91F9E0C0-0F62-4D53-A7D9-63144C1D8627} = {0B72C074-8E0A-4E3D-9732-A4C873194F66}
		{C7C11931-2AC2-45EB-8BE4-E5062DD34986} = {0B72C074-8E0A-4E3D-9732-A4C873194F66}
		{7E26E5D1-A287-44BC-BC0D-64B7C35A7CBE} = {A33788EC-BDDB-4AD8-B590-52B3F73AC66D}
		{3C2C3B73-23BB-4700-B86D-05EBF8B739D4} = {A33788EC-BDDB-4AD8-B590-52B3F73AC66D}
		{73A26F05-92F9-475E-A8BE-5FB3543EC7C4} = {2F45ECFA-73D7-4F39-9262-D410E3CEC5AF}
		{02D9EBB8-3922-41D7-89D8-ED520C6C35BF} = {2F45ECFA-73D7-4F39-9262-D410E3CEC5AF}
		{4D61A4E2-3356-4538-88B0-4BC539973160} = {2F45ECFA-73D7-4F39-9262-D410E3CEC5AF}
		{A4D7CC21-F9A7-472B-9EC0-3FC15DBD959B} = {5AEA40EC-9264-485E-ADE1-F7F8EF20AE18}
		{8BB7556E-E0C3-430E-BE8D-ECD5342C255E} = {91F9E0C0-0F62-4D53-A7D9-63144C1D8627}
		{16F5973E-CC38-447B-B822-8CBC278A44B6} = {5C87348D-2684-4C0D-8F30-809459EF31A5}
		{697E8A22-0027-4267-9006-5F7499A6B4DC} = {C7C11931-2AC2-45EB-8BE4-E5062DD34986}
		{2AFD2943-EEBA-409D-B470-E0DF7D219D4A} = {C7C11931-2AC2-45EB-8BE4-E5062DD34986}
	EndGlobalSection
EndGlobal
